# This file was autogenerated by Stack.
# You should not edit this file by hand.
# For more information, please see the documentation at:
#   https://docs.haskellstack.org/en/stable/lock_files

packages:
- completed:
    hackage: csound-catalog-0.7.5@sha256:0732f1ff4359ed2caf818c71c8dcddf68766cf54ed6a2490728496f3e00ea088,1797
    pantry-tree:
      size: 2045
      sha256: 4582d7a700140dbea3a6093828b95fdbea941132862aa7979c18d50e6402fcc2
  original:
    hackage: csound-catalog-0.7.5@sha256:0732f1ff4359ed2caf818c71c8dcddf68766cf54ed6a2490728496f3e00ea088,1797
- completed:
    hackage: csound-expression-5.4.1@sha256:3f87fc44302b169172658743ed2c722d95baedecf5064a10353e3c21aa138951,4550
    pantry-tree:
      size: 4724
      sha256: 7dfc0b37e61199a972729c409398dbd9114822c53a73398518c3d0b5b9ff4928
  original:
    hackage: csound-expression-5.4.1@sha256:3f87fc44302b169172658743ed2c722d95baedecf5064a10353e3c21aa138951,4550
- completed:
    hackage: csound-sampler-0.0.10.1@sha256:a93a4bf1cfb20023c69b8bbf8c758822a23ae35783e3c8041727e555b3ed357c,1328
    pantry-tree:
      size: 469
      sha256: 8dd5a12c7b61be0bed8b3171bb9f5e65f67ae3217ef7dc5f9f110cd8fd588bc0
  original:
    hackage: csound-sampler-0.0.10.1@sha256:a93a4bf1cfb20023c69b8bbf8c758822a23ae35783e3c8041727e555b3ed357c,1328
- completed:
    hackage: csound-expression-dynamic-0.3.7@sha256:038c0b1498c5ac2b0faf65b6d18d626d99716cc1a638647435f92d21fda1a611,1444
    pantry-tree:
      size: 1266
      sha256: 3797a30b2ea547428290afce06d1af7be34eac65946ece9c57ae9bba904b2fc9
  original:
    hackage: csound-expression-dynamic-0.3.7@sha256:038c0b1498c5ac2b0faf65b6d18d626d99716cc1a638647435f92d21fda1a611,1444
- completed:
    hackage: csound-expression-opcodes-0.0.5.1@sha256:f08f4c7b46eca6961ec15de5c0311f5ea53ee4622dca43f4747d7ccfe535d8ba,1635
    pantry-tree:
      size: 2270
      sha256: 117ff290661ef8c76aec393063658c078b09c5afb75071f59f128a65ceba4efa
  original:
    hackage: csound-expression-opcodes-0.0.5.1@sha256:f08f4c7b46eca6961ec15de5c0311f5ea53ee4622dca43f4747d7ccfe535d8ba,1635
- completed:
    hackage: csound-expression-typed-0.2.5@sha256:81305b450f67ce7b1ac1b38987f85d0eade8627a3305d65232d760aebfd30dd8,4526
    pantry-tree:
      size: 7374
      sha256: ab9c73a67718bdb7fc9aa20775836048a82aeccd2c2fa9ec2419574b16dbc4a5
  original:
    hackage: csound-expression-typed-0.2.5@sha256:81305b450f67ce7b1ac1b38987f85d0eade8627a3305d65232d760aebfd30dd8,4526
- completed:
    hackage: sharc-timbre-0.2@sha256:b6bc95680069e6962d683d1cc214045c5eea6277e7383cb99656c85bdcef822f,2725
    pantry-tree:
      size: 3730
      sha256: 590520d39e4ac99d334ab037d791451dde7e6d6adc5c8a75a245533de33500b7
  original:
    hackage: sharc-timbre-0.2@sha256:b6bc95680069e6962d683d1cc214045c5eea6277e7383cb99656c85bdcef822f,2725
- completed:
    hackage: temporal-media-0.6.3@sha256:7a27d711a786c3dc9163433627e51efcc4b3fce3a947b71c29f3e388f37cae59,857
    pantry-tree:
      size: 282
      sha256: 97120e833d668b1b319d80c45c79c410df18907d069e00f8ca070cf1f1e68996
  original:
    hackage: temporal-media-0.6.3@sha256:7a27d711a786c3dc9163433627e51efcc4b3fce3a947b71c29f3e388f37cae59,857
- completed:
    hackage: discord-haskell-1.8.8@sha256:647bf08777aebcc8d5eacdb729906b2b05f7832c3b767d87059ef13462ff8875,3562
    pantry-tree:
      size: 2107
      sha256: cbf772087fdc87d74d48514bf1996d9656002542be75bad306be5a028a937d7b
  original:
    hackage: discord-haskell-1.8.8@sha256:647bf08777aebcc8d5eacdb729906b2b05f7832c3b767d87059ef13462ff8875,3562
- completed:
    hackage: emoji-0.1.0.2@sha256:d995572a5c7dcd28f98eb15c6e387a7b3bda1ac2477ab0d9dba8580d5d7b161f,1273
    pantry-tree:
      size: 437
      sha256: dd9ea90a631342e5db0fc21331ade4d563a685e9125d5a3989eefa8e1b96c6c6
  original:
    hackage: emoji-0.1.0.2@sha256:d995572a5c7dcd28f98eb15c6e387a7b3bda1ac2477ab0d9dba8580d5d7b161f,1273
- completed:
    size: 21781
    filepath: ../haskell-network-anonymous-i2p/network-anonymous-i2p.tar.gz
    name: network-anonymous-i2p
    version: 0.10.0
    sha256: ab4f131033a4dc7df31ae1b48d9fc2d334cad2ed9ac59f0bdedea932fa40a614
    pantry-tree:
      size: 1654
      sha256: 8f87ee0c37e9c1180be5dfaa6aa38f7220bc9b68514bd45dbfa923fda8a99a40
  original:
    filepath: ../haskell-network-anonymous-i2p/network-anonymous-i2p.tar.gz
    sha256: ab4f131033a4dc7df31ae1b48d9fc2d334cad2ed9ac59f0bdedea932fa40a614
- completed:
    size: 6692
    url: https://github.com/codedownio/haskell-network-attoparsec/archive/bfd305117b09b715c73a8d9763cf995fa733563e.tar.gz
    name: network-attoparsec
    version: 0.12.2
    sha256: e0117ee58d95c9ad90bb10ad6c2d66f245c9362f57505099077019abb70eef9a
    pantry-tree:
      size: 817
      sha256: 1a706481b2d57d7fbe435e3024d59d59228ee89d91a73e5e4d889d3eb81b86df
  original:
    url: https://github.com/codedownio/haskell-network-attoparsec/archive/bfd305117b09b715c73a8d9763cf995fa733563e.tar.gz
snapshots:
- completed:
    size: 556830
    url: https://raw.githubusercontent.com/commercialhaskell/stackage-snapshots/master/nightly/2021/7/17.yaml
    sha256: 387c17971aa47d4ca9e9af0223fa0010d5cc9ef360cca72cd17419a90d83cec8
  original: nightly-2021-07-17
